
Microsoft Visual Studio Solution File, Format Version 12.00
# Visual Studio Version 16
VisualStudioVersion = 16.0.33927.289
MinimumVisualStudioVersion = 10.0.40219.1
Project("{FAE04EC0-301F-11D3-BF4B-00C04F79EFBC}") = "arrray_coworkers", "arrray_coworkers\arrray_coworkers.csproj", "{A42CA42C-78CF-49A3-93E3-D4CB693695EA}"
EndProject
Global
	GlobalSection(SolutionConfigurationPlatforms) = preSolution
		Debug|Any CPU = Debug|Any CPU
		Release|Any CPU = Release|Any CPU
	EndGlobalSection
	GlobalSection(ProjectConfigurationPlatforms) = postSolution
		{A42CA42C-78CF-49A3-93E3-D4CB693695EA}.Debug|Any CPU.ActiveCfg = Debug|Any CPU
		{A42CA42C-78CF-49A3-93E3-D4CB693695EA}.Debug|Any CPU.Build.0 = Debug|Any CPU
		{A42CA42C-78CF-49A3-93E3-D4CB693695EA}.Release|Any CPU.ActiveCfg = Release|Any CPU
		{A42CA42C-78CF-49A3-93E3-D4CB693695EA}.Release|Any CPU.Build.0 = Release|Any CPU
	EndGlobalSection
	GlobalSection(SolutionProperties) = preSolution
		HideSolutionNode = FALSE
	EndGlobalSection
	GlobalSection(ExtensibilityGlobals) = postSolution
		SolutionGuid = {9327DCAC-394E-4592-AA32-7A97130141AB}
	EndGlobalSection
EndGlobal
